// !$*UTF8*$!
{
	archiveVersion = 1;
	classes = {
	};
	objectVersion = 56;
	objects = {

/* Begin PBXBuildFile section */
		2E2DC26C28E1A8C400EFD39E /* EditFoodView.swift in Sources */ = {isa = PBXBuildFile; fileRef = 2E2DC26B28E1A8C400EFD39E /* EditFoodView.swift */; };
		2ED7D88028DD3E8E00B9D162 /* iCaloriesApp.swift in Sources */ = {isa = PBXBuildFile; fileRef = 2ED7D87F28DD3E8E00B9D162 /* iCaloriesApp.swift */; };
		2ED7D88228DD3E8E00B9D162 /* ContentView.swift in Sources */ = {isa = PBXBuildFile; fileRef = 2ED7D88128DD3E8E00B9D162 /* ContentView.swift */; };
		2ED7D88428DD3E8F00B9D162 /* Assets.xcassets in Resources */ = {isa = PBXBuildFile; fileRef = 2ED7D88328DD3E8F00B9D162 /* Assets.xcassets */; };
		2ED7D88728DD3E8F00B9D162 /* Preview Assets.xcassets in Resources */ = {isa = PBXBuildFile; fileRef = 2ED7D88628DD3E8F00B9D162 /* Preview Assets.xcassets */; };
		2ED7D89028DD3FCE00B9D162 /* FoodModel.xcdatamodeld in Sources */ = {isa = PBXBuildFile; fileRef = 2ED7D88E28DD3FCE00B9D162 /* FoodModel.xcdatamodeld */; };
		2ED7D89228DD419800B9D162 /* DataController.swift in Sources */ = {isa = PBXBuildFile; fileRef = 2ED7D89128DD419800B9D162 /* DataController.swift */; };
		2ED7D89628DD49AB00B9D162 /* AddFoodView.swift in Sources */ = {isa = PBXBuildFile; fileRef = 2ED7D89528DD49AB00B9D162 /* AddFoodView.swift */; };
		2ED7D89828DD5AC700B9D162 /* TimeFormatting.swift in Sources */ = {isa = PBXBuildFile; fileRef = 2ED7D89728DD5AC700B9D162 /* TimeFormatting.swift */; };
/* End PBXBuildFile section */

/* Begin PBXFileReference section */
		2E2DC26B28E1A8C400EFD39E /* EditFoodView.swift */ = {isa = PBXFileReference; lastKnownFileType = sourcecode.swift; path = EditFoodView.swift; sourceTree = "<group>"; };
		2ED7D87C28DD3E8E00B9D162 /* iCalories.app */ = {isa = PBXFileReference; explicitFileType = wrapper.application; includeInIndex = 0; path = iCalories.app; sourceTree = BUILT_PRODUCTS_DIR; };
		2ED7D87F28DD3E8E00B9D162 /* iCaloriesApp.swift */ = {isa = PBXFileReference; lastKnownFileType = sourcecode.swift; path = iCaloriesApp.swift; sourceTree = "<group>"; };
		2ED7D88128DD3E8E00B9D162 /* ContentView.swift */ = {isa = PBXFileReference; lastKnownFileType = sourcecode.swift; path = ContentView.swift; sourceTree = "<group>"; };
		2ED7D88328DD3E8F00B9D162 /* Assets.xcassets */ = {isa = PBXFileReference; lastKnownFileType = folder.assetcatalog; path = Assets.xcassets; sourceTree = "<group>"; };
		2ED7D88628DD3E8F00B9D162 /* Preview Assets.xcassets */ = {isa = PBXFileReference; lastKnownFileType = folder.assetcatalog; path = "Preview Assets.xcassets"; sourceTree = "<group>"; };
		2ED7D88F28DD3FCE00B9D162 /* FoodModel.xcdatamodel */ = {isa = PBXFileReference; lastKnownFileType = wrapper.xcdatamodel; path = FoodModel.xcdatamodel; sourceTree = "<group>"; };
		2ED7D89128DD419800B9D162 /* DataController.swift */ = {isa = PBXFileReference; lastKnownFileType = sourcecode.swift; path = DataController.swift; sourceTree = "<group>"; };
		2ED7D89528DD49AB00B9D162 /* AddFoodView.swift */ = {isa = PBXFileReference; lastKnownFileType = sourcecode.swift; path = AddFoodView.swift; sourceTree = "<group>"; };
		2ED7D89728DD5AC700B9D162 /* TimeFormatting.swift */ = {isa = PBXFileReference; lastKnownFileType = sourcecode.swift; path = TimeFormatting.swift; sourceTree = "<group>"; };
/* End PBXFileReference section */

/* Begin PBXFrameworksBuildPhase section */
		2ED7D87928DD3E8E00B9D162 /* Frameworks */ = {
			isa = PBXFrameworksBuildPhase;
			buildActionMask = 2147483647;
			files = (
			);
			runOnlyForDeploymentPostprocessing = 0;
		};
/* End PBXFrameworksBuildPhase section */

/* Begin PBXGroup section */
		2ED7D87328DD3E8E00B9D162 = {
			isa = PBXGroup;
			children = (
				2ED7D87E28DD3E8E00B9D162 /* iCalories */,
				2ED7D87D28DD3E8E00B9D162 /* Products */,
			);
			sourceTree = "<group>";
		};
		2ED7D87D28DD3E8E00B9D162 /* Products */ = {
			isa = PBXGroup;
			children = (
				2ED7D87C28DD3E8E00B9D162 /* iCalories.app */,
			);
			name = Products;
			sourceTree = "<group>";
		};
		2ED7D87E28DD3E8E00B9D162 /* iCalories */ = {
			isa = PBXGroup;
			children = (
				2ED7D89428DD496E00B9D162 /* Helpers */,
				2ED7D89328DD496600B9D162 /* Views */,
				2ED7D88D28DD3F9C00B9D162 /* DataModel */,
				2ED7D87F28DD3E8E00B9D162 /* iCaloriesApp.swift */,
				2ED7D88328DD3E8F00B9D162 /* Assets.xcassets */,
				2ED7D88528DD3E8F00B9D162 /* Preview Content */,
			);
			path = iCalories;
			sourceTree = "<group>";
		};
		2ED7D88528DD3E8F00B9D162 /* Preview Content */ = {
			isa = PBXGroup;
			children = (
				2ED7D88628DD3E8F00B9D162 /* Preview Assets.xcassets */,
			);
			path = "Preview Content";
			sourceTree = "<group>";
		};
		2ED7D88D28DD3F9C00B9D162 /* DataModel */ = {
			isa = PBXGroup;
			children = (
				2ED7D88E28DD3FCE00B9D162 /* FoodModel.xcdatamodeld */,
				2ED7D89128DD419800B9D162 /* DataController.swift */,
			);
			path = DataModel;
			sourceTree = "<group>";
		};
		2ED7D89328DD496600B9D162 /* Views */ = {
			isa = PBXGroup;
			children = (
				2ED7D88128DD3E8E00B9D162 /* ContentView.swift */,
				2ED7D89528DD49AB00B9D162 /* AddFoodView.swift */,
				2E2DC26B28E1A8C400EFD39E /* EditFoodView.swift */,
			);
			path = Views;
			sourceTree = "<group>";
		};
		2ED7D89428DD496E00B9D162 /* Helpers */ = {
			isa = PBXGroup;
			children = (
				2ED7D89728DD5AC700B9D162 /* TimeFormatting.swift */,
			);
			path = Helpers;
			sourceTree = "<group>";
		};
/* End PBXGroup section */

/* Begin PBXNativeTarget section */
		2ED7D87B28DD3E8E00B9D162 /* iCalories */ = {
			isa = PBXNativeTarget;
			buildConfigurationList = 2ED7D88A28DD3E8F00B9D162 /* Build configuration list for PBXNativeTarget "iCalories" */;
			buildPhases = (
				2ED7D87828DD3E8E00B9D162 /* Sources */,
				2ED7D87928DD3E8E00B9D162 /* Frameworks */,
				2ED7D87A28DD3E8E00B9D162 /* Resources */,
			);
			buildRules = (
			);
			dependencies = (
			);
			name = iCalories;
			productName = iCalories;
			productReference = 2ED7D87C28DD3E8E00B9D162 /* iCalories.app */;
			productType = "com.apple.product-type.application";
		};
/* End PBXNativeTarget section */

/* Begin PBXProject section */
		2ED7D87428DD3E8E00B9D162 /* Project object */ = {
			isa = PBXProject;
			attributes = {
				BuildIndependentTargetsInParallel = 1;
				LastSwiftUpdateCheck = 1400;
				LastUpgradeCheck = 1400;
				TargetAttributes = {
					2ED7D87B28DD3E8E00B9D162 = {
						CreatedOnToolsVersion = 14.0;
					};
				};
			};
			buildConfigurationList = 2ED7D87728DD3E8E00B9D162 /* Build configuration list for PBXProject "iCalories" */;
			compatibilityVersion = "Xcode 14.0";
			developmentRegion = en;
			hasScannedForEncodings = 0;
			knownRegions = (
				en,
				Base,
			);
			mainGroup = 2ED7D87328DD3E8E00B9D162;
			productRefGroup = 2ED7D87D28DD3E8E00B9D162 /* Products */;
			projectDirPath = "";
			projectRoot = "";
			targets = (
				2ED7D87B28DD3E8E00B9D162 /* iCalories */,
			);
		};
/* End PBXProject section */

/* Begin PBXResourcesBuildPhase section */
		2ED7D87A28DD3E8E00B9D162 /* Resources */ = {
			isa = PBXResourcesBuildPhase;
			buildActionMask = 2147483647;
			files = (
				2ED7D88728DD3E8F00B9D162 /* Preview Assets.xcassets in Resources */,
				2ED7D88428DD3E8F00B9D162 /* Assets.xcassets in Resources */,
			);
			runOnlyForDeploymentPostprocessing = 0;
		};
/* End PBXResourcesBuildPhase section */

/* Begin PBXSourcesBuildPhase section */
		2ED7D87828DD3E8E00B9D162 /* Sources */ = {
			isa = PBXSourcesBuildPhase;
			buildActionMask = 2147483647;
			files = (
				2ED7D89628DD49AB00B9D162 /* AddFoodView.swift in Sources */,
				2ED7D88228DD3E8E00B9D162 /* ContentView.swift in Sources */,
				2ED7D89228DD419800B9D162 /* DataController.swift in Sources */,
				2ED7D88028DD3E8E00B9D162 /* iCaloriesApp.swift in Sources */,
				2ED7D89028DD3FCE00B9D162 /* FoodModel.xcdatamodeld in Sources */,
				2E2DC26C28E1A8C400EFD39E /* EditFoodView.swift in Sources */,
				2ED7D89828DD5AC700B9D162 /* TimeFormatting.swift in Sources */,
			);
			runOnlyForDeploymentPostprocessing = 0;
		};
/* End PBXSourcesBuildPhase section */

/* Begin XCBuildConfiguration section */
		2ED7D88828DD3E8F00B9D162 /* Debug */ = {
			isa = XCBuildConfiguration;
			buildSettings = {
				ALWAYS_SEARCH_USER_PATHS = NO;
				CLANG_ANALYZER_NONNULL = YES;
				CLANG_ANALYZER_NUMBER_OBJECT_CONVERSION = YES_AGGRESSIVE;
				CLANG_CXX_LANGUAGE_STANDARD = "gnu++20";
				CLANG_ENABLE_MODULES = YES;
				CLANG_ENABLE_OBJC_ARC = YES;
				CLANG_ENABLE_OBJC_WEAK = YES;
				CLANG_WARN_BLOCK_CAPTURE_AUTORELEASING = YES;
				CLANG_WARN_BOOL_CONVERSION = YES;
				CLANG_WARN_COMMA = YES;
				CLANG_WARN_CONSTANT_CONVERSION = YES;
				CLANG_WARN_DEPRECATED_OBJC_IMPLEMENTATIONS = YES;
				CLANG_WARN_DIRECT_OBJC_ISA_USAGE = YES_ERROR;
				CLANG_WARN_DOCUMENTATION_COMMENTS = YES;
				CLANG_WARN_EMPTY_BODY = YES;
				CLANG_WARN_ENUM_CONVERSION = YES;
				CLANG_WARN_INFINITE_RECURSION = YES;
				CLANG_WARN_INT_CONVERSION = YES;
				CLANG_WARN_NON_LITERAL_NULL_CONVERSION = YES;
				CLANG_WARN_OBJC_IMPLICIT_RETAIN_SELF = YES;
				CLANG_WARN_OBJC_LITERAL_CONVERSION = YES;
				CLANG_WARN_OBJC_ROOT_CLASS = YES_ERROR;
				CLANG_WARN_QUOTED_INCLUDE_IN_FRAMEWORK_HEADER = YES;
				CLANG_WARN_RANGE_LOOP_ANALYSIS = YES;
				CLANG_WARN_STRICT_PROTOTYPES = YES;
				CLANG_WARN_SUSPICIOUS_MOVE = YES;
				CLANG_WARN_UNGUARDED_AVAILABILITY = YES_AGGRESSIVE;
				CLANG_WARN_UNREACHABLE_CODE = YES;
				CLANG_WARN__DUPLICATE_METHOD_MATCH = YES;
				COPY_PHASE_STRIP = NO;
				DEBUG_INFORMATION_FORMAT = dwarf;
				ENABLE_STRICT_OBJC_MSGSEND = YES;
				ENABLE_TESTABILITY = YES;
				GCC_C_LANGUAGE_STANDARD = gnu11;
				GCC_DYNAMIC_NO_PIC = NO;
				GCC_NO_COMMON_BLOCKS = YES;
				GCC_OPTIMIZATION_LEVEL = 0;
				GCC_PREPROCESSOR_DEFINITIONS = (
					"DEBUG=1",
					"$(inherited)",
				);
				GCC_WARN_64_TO_32_BIT_CONVERSION = YES;
				GCC_WARN_ABOUT_RETURN_TYPE = YES_ERROR;
				GCC_WARN_UNDECLARED_SELECTOR = YES;
				GCC_WARN_UNINITIALIZED_AUTOS = YES_AGGRESSIVE;
				GCC_WARN_UNUSED_FUNCTION = YES;
				GCC_WARN_UNUSED_VARIABLE = YES;
				IPHONEOS_DEPLOYMENT_TARGET = 16.0;
				MTL_ENABLE_DEBUG_INFO = INCLUDE_SOURCE;
				MTL_FAST_MATH = YES;
				ONLY_ACTIVE_ARCH = YES;
				SDKROOT = iphoneos;
				SWIFT_ACTIVE_COMPILATION_CONDITIONS = DEBUG;
				SWIFT_OPTIMIZATION_LEVEL = "-Onone";
			};
			name = Debug;
		};
		2ED7D88928DD3E8F00B9D162 /* Release */ = {
			isa = XCBuildConfiguration;
			buildSettings = {
				ALWAYS_SEARCH_USER_PATHS = NO;
				CLANG_ANALYZER_NONNULL = YES;
				CLANG_ANALYZER_NUMBER_OBJECT_CONVERSION = YES_AGGRESSIVE;
				CLANG_CXX_LANGUAGE_STANDARD = "gnu++20";
				CLANG_ENABLE_MODULES = YES;
				CLANG_ENABLE_OBJC_ARC = YES;
				CLANG_ENABLE_OBJC_WEAK = YES;
				CLANG_WARN_BLOCK_CAPTURE_AUTORELEASING = YES;
				CLANG_WARN_BOOL_CONVERSION = YES;
				CLANG_WARN_COMMA = YES;
				CLANG_WARN_CONSTANT_CONVERSION = YES;
				CLANG_WARN_DEPRECATED_OBJC_IMPLEMENTATIONS = YES;
				CLANG_WARN_DIRECT_OBJC_ISA_USAGE = YES_ERROR;
				CLANG_WARN_DOCUMENTATION_COMMENTS = YES;
				CLANG_WARN_EMPTY_BODY = YES;
				CLANG_WARN_ENUM_CONVERSION = YES;
				CLANG_WARN_INFINITE_RECURSION = YES;
				CLANG_WARN_INT_CONVERSION = YES;
				CLANG_WARN_NON_LITERAL_NULL_CONVERSION = YES;
				CLANG_WARN_OBJC_IMPLICIT_RETAIN_SELF = YES;
				CLANG_WARN_OBJC_LITERAL_CONVERSION = YES;
				CLANG_WARN_OBJC_ROOT_CLASS = YES_ERROR;
				CLANG_WARN_QUOTED_INCLUDE_IN_FRAMEWORK_HEADER = YES;
				CLANG_WARN_RANGE_LOOP_ANALYSIS = YES;
				CLANG_WARN_STRICT_PROTOTYPES = YES;
				CLANG_WARN_SUSPICIOUS_MOVE = YES;
				CLANG_WARN_UNGUARDED_AVAILABILITY = YES_AGGRESSIVE;
				CLANG_WARN_UNREACHABLE_CODE = YES;
				CLANG_WARN__DUPLICATE_METHOD_MATCH = YES;
				COPY_PHASE_STRIP = NO;
				DEBUG_INFORMATION_FORMAT = "dwarf-with-dsym";
				ENABLE_NS_ASSERTIONS = NO;
				ENABLE_STRICT_OBJC_MSGSEND = YES;
				GCC_C_LANGUAGE_STANDARD = gnu11;
				GCC_NO_COMMON_BLOCKS = YES;
				GCC_WARN_64_TO_32_BIT_CONVERSION = YES;
				GCC_WARN_ABOUT_RETURN_TYPE = YES_ERROR;
				GCC_WARN_UNDECLARED_SELECTOR = YES;
				GCC_WARN_UNINITIALIZED_AUTOS = YES_AGGRESSIVE;
				GCC_WARN_UNUSED_FUNCTION = YES;
				GCC_WARN_UNUSED_VARIABLE = YES;
				IPHONEOS_DEPLOYMENT_TARGET = 16.0;
				MTL_ENABLE_DEBUG_INFO = NO;
				MTL_FAST_MATH = YES;
				SDKROOT = iphoneos;
				SWIFT_COMPILATION_MODE = wholemodule;
				SWIFT_OPTIMIZATION_LEVEL = "-O";
				VALIDATE_PRODUCT = YES;
			};
			name = Release;
		};
		2ED7D88B28DD3E8F00B9D162 /* Debug */ = {
			isa = XCBuildConfiguration;
			buildSettings = {
				ASSETCATALOG_COMPILER_APPICON_NAME = AppIcon;
				ASSETCATALOG_COMPILER_GLOBAL_ACCENT_COLOR_NAME = AccentColor;
				CODE_SIGN_STYLE = Automatic;
				CURRENT_PROJECT_VERSION = 1;
				DEVELOPMENT_ASSET_PATHS = "\"iCalories/Preview Content\"";
				DEVELOPMENT_TEAM = NH9U89BPWK;
				ENABLE_PREVIEWS = YES;
				GENERATE_INFOPLIST_FILE = YES;
				INFOPLIST_KEY_UIApplicationSceneManifest_Generation = YES;
				INFOPLIST_KEY_UIApplicationSupportsIndirectInputEvents = YES;
				INFOPLIST_KEY_UILaunchScreen_Generation = YES;
				INFOPLIST_KEY_UISupportedInterfaceOrientations_iPad = "UIInterfaceOrientationPortrait UIInterfaceOrientationPortraitUpsideDown UIInterfaceOrientationLandscapeLeft UIInterfaceOrientationLandscapeRight";
				INFOPLIST_KEY_UISupportedInterfaceOrientations_iPhone = "UIInterfaceOrientationPortrait UIInterfaceOrientationLandscapeLeft UIInterfaceOrientationLandscapeRight";
				LD_RUNPATH_SEARCH_PATHS = (
					"$(inherited)",
					"@executable_path/Frameworks",
				);
				MARKETING_VERSION = 1.0;
				PRODUCT_BUNDLE_IDENTIFIER = com.irfanizudin.iCalories;
				PRODUCT_NAME = "$(TARGET_NAME)";
				SWIFT_EMIT_LOC_STRINGS = YES;
				SWIFT_VERSION = 5.0;
				TARGETED_DEVICE_FAMILY = "1,2";
			};
			name = Debug;
		};
		2ED7D88C28DD3E8F00B9D162 /* Release */ = {
			isa = XCBuildConfiguration;
			buildSettings = {
				ASSETCATALOG_COMPILER_APPICON_NAME = AppIcon;
				ASSETCATALOG_COMPILER_GLOBAL_ACCENT_COLOR_NAME = AccentColor;
				CODE_SIGN_STYLE = Automatic;
				CURRENT_PROJECT_VERSION = 1;
				DEVELOPMENT_ASSET_PATHS = "\"iCalories/Preview Content\"";
				DEVELOPMENT_TEAM = NH9U89BPWK;
				ENABLE_PREVIEWS = YES;
				GENERATE_INFOPLIST_FILE = YES;
				INFOPLIST_KEY_UIApplicationSceneManifest_Generation = YES;
				INFOPLIST_KEY_UIApplicationSupportsIndirectInputEvents = YES;
				INFOPLIST_KEY_UILaunchScreen_Generation = YES;
				INFOPLIST_KEY_UISupportedInterfaceOrientations_iPad = "UIInterfaceOrientationPortrait UIInterfaceOrientationPortraitUpsideDown UIInterfaceOrientationLandscapeLeft UIInterfaceOrientationLandscapeRight";
				INFOPLIST_KEY_UISupportedInterfaceOrientations_iPhone = "UIInterfaceOrientationPortrait UIInterfaceOrientationLandscapeLeft UIInterfaceOrientationLandscapeRight";
				LD_RUNPATH_SEARCH_PATHS = (
					"$(inherited)",
					"@executable_path/Frameworks",
				);
				MARKETING_VERSION = 1.0;
				PRODUCT_BUNDLE_IDENTIFIER = com.irfanizudin.iCalories;
				PRODUCT_NAME = "$(TARGET_NAME)";
				SWIFT_EMIT_LOC_STRINGS = YES;
				SWIFT_VERSION = 5.0;
				TARGETED_DEVICE_FAMILY = "1,2";
			};
			name = Release;
		};
/* End XCBuildConfiguration section */

/* Begin XCConfigurationList section */
		2ED7D87728DD3E8E00B9D162 /* Build configuration list for PBXProject "iCalories" */ = {
			isa = XCConfigurationList;
			buildConfigurations = (
				2ED7D88828DD3E8F00B9D162 /* Debug */,
				2ED7D88928DD3E8F00B9D162 /* Release */,
			);
			defaultConfigurationIsVisible = 0;
			defaultConfigurationName = Release;
		};
		2ED7D88A28DD3E8F00B9D162 /* Build configuration list for PBXNativeTarget "iCalories" */ = {
			isa = XCConfigurationList;
			buildConfigurations = (
				2ED7D88B28DD3E8F00B9D162 /* Debug */,
				2ED7D88C28DD3E8F00B9D162 /* Release */,
			);
			defaultConfigurationIsVisible = 0;
			defaultConfigurationName = Release;
		};
/* End XCConfigurationList section */

/* Begin XCVersionGroup section */
		2ED7D88E28DD3FCE00B9D162 /* FoodModel.xcdatamodeld */ = {
			isa = XCVersionGroup;
			children = (
				2ED7D88F28DD3FCE00B9D162 /* FoodModel.xcdatamodel */,
			);
			currentVersion = 2ED7D88F28DD3FCE00B9D162 /* FoodModel.xcdatamodel */;
			path = FoodModel.xcdatamodeld;
			sourceTree = "<group>";
			versionGroupType = wrapper.xcdatamodel;
		};
/* End XCVersionGroup section */
	};
	rootObject = 2ED7D87428DD3E8E00B9D162 /* Project object */;
}
